
Microsoft Visual Studio Solution File, Format Version 12.00
# Visual Studio Version 17
VisualStudioVersion = 17.4.33205.214
MinimumVisualStudioVersion = 10.0.40219.1
Project("{9A19103F-16F7-4668-BE54-9A1E7A4F7556}") = "ManyToManyRelation", "ManyToManyRelation\ManyToManyRelation.csproj", "{7B548016-25A8-4B6A-9651-59104FC210FF}"
EndProject
Global
	GlobalSection(SolutionConfigurationPlatforms) = preSolution
		Debug|Any CPU = Debug|Any CPU
		Release|Any CPU = Release|Any CPU
	EndGlobalSection
	GlobalSection(ProjectConfigurationPlatforms) = postSolution
		{7B548016-25A8-4B6A-9651-59104FC210FF}.Debug|Any CPU.ActiveCfg = Debug|Any CPU
		{7B548016-25A8-4B6A-9651-59104FC210FF}.Debug|Any CPU.Build.0 = Debug|Any CPU
		{7B548016-25A8-4B6A-9651-59104FC210FF}.Release|Any CPU.ActiveCfg = Release|Any CPU
		{7B548016-25A8-4B6A-9651-59104FC210FF}.Release|Any CPU.Build.0 = Release|Any CPU
	EndGlobalSection
	GlobalSection(SolutionProperties) = preSolution
		HideSolutionNode = FALSE
	EndGlobalSection
	GlobalSection(ExtensibilityGlobals) = postSolution
		SolutionGuid = {CC0CC2F0-9429-45A6-B682-F0561C050802}
	EndGlobalSection
EndGlobal
