
Microsoft Visual Studio Solution File, Format Version 12.00
# Visual Studio Version 17
VisualStudioVersion = 17.4.33205.214
MinimumVisualStudioVersion = 10.0.40219.1
Project("{9A19103F-16F7-4668-BE54-9A1E7A4F7556}") = "ManyToManyRelation", "ManyToManyRelation\ManyToManyRelation.csproj", "{7B548016-25A8-4B6A-9651-59104FC210FF}"
EndProject
Project("{9A19103F-16F7-4668-BE54-9A1E7A4F7556}") = "CustomUnobtrusiveDataValidator", "CustomUnobtrusiveDataValidator\CustomUnobtrusiveDataValidator.csproj", "{2291CE46-385E-4209-B408-29DD028E97F2}"
EndProject
Project("{9A19103F-16F7-4668-BE54-9A1E7A4F7556}") = "DependencyInjectionRadio", "DependencyInjectionRadio\DependencyInjectionRadio.csproj", "{50CAB16F-E344-4CCF-9970-8685ED64A01A}"
EndProject
Project("{9A19103F-16F7-4668-BE54-9A1E7A4F7556}") = "CrazyBooks", "S01_Demo_CrazyBooks\CrazyBooks.csproj", "{DE488B3B-64B7-4034-A29E-5EA3BDF6002E}"
EndProject
Project("{FAE04EC0-301F-11D3-BF4B-00C04F79EFBC}") = "OneToMany", "OneToMany\OneToMany.csproj", "{2A3991BD-7F6B-4AA3-8AA6-4E7D81D080B2}"
EndProject
Global
	GlobalSection(SolutionConfigurationPlatforms) = preSolution
		Debug|Any CPU = Debug|Any CPU
		Release|Any CPU = Release|Any CPU
	EndGlobalSection
	GlobalSection(ProjectConfigurationPlatforms) = postSolution
		{7B548016-25A8-4B6A-9651-59104FC210FF}.Debug|Any CPU.ActiveCfg = Debug|Any CPU
		{7B548016-25A8-4B6A-9651-59104FC210FF}.Debug|Any CPU.Build.0 = Debug|Any CPU
		{7B548016-25A8-4B6A-9651-59104FC210FF}.Release|Any CPU.ActiveCfg = Release|Any CPU
		{7B548016-25A8-4B6A-9651-59104FC210FF}.Release|Any CPU.Build.0 = Release|Any CPU
		{2291CE46-385E-4209-B408-29DD028E97F2}.Debug|Any CPU.ActiveCfg = Debug|Any CPU
		{2291CE46-385E-4209-B408-29DD028E97F2}.Debug|Any CPU.Build.0 = Debug|Any CPU
		{2291CE46-385E-4209-B408-29DD028E97F2}.Release|Any CPU.ActiveCfg = Release|Any CPU
		{2291CE46-385E-4209-B408-29DD028E97F2}.Release|Any CPU.Build.0 = Release|Any CPU
		{50CAB16F-E344-4CCF-9970-8685ED64A01A}.Debug|Any CPU.ActiveCfg = Debug|Any CPU
		{50CAB16F-E344-4CCF-9970-8685ED64A01A}.Debug|Any CPU.Build.0 = Debug|Any CPU
		{50CAB16F-E344-4CCF-9970-8685ED64A01A}.Release|Any CPU.ActiveCfg = Release|Any CPU
		{50CAB16F-E344-4CCF-9970-8685ED64A01A}.Release|Any CPU.Build.0 = Release|Any CPU
		{DE488B3B-64B7-4034-A29E-5EA3BDF6002E}.Debug|Any CPU.ActiveCfg = Debug|Any CPU
		{DE488B3B-64B7-4034-A29E-5EA3BDF6002E}.Debug|Any CPU.Build.0 = Debug|Any CPU
		{DE488B3B-64B7-4034-A29E-5EA3BDF6002E}.Release|Any CPU.ActiveCfg = Release|Any CPU
		{DE488B3B-64B7-4034-A29E-5EA3BDF6002E}.Release|Any CPU.Build.0 = Release|Any CPU
		{2A3991BD-7F6B-4AA3-8AA6-4E7D81D080B2}.Debug|Any CPU.ActiveCfg = Debug|Any CPU
		{2A3991BD-7F6B-4AA3-8AA6-4E7D81D080B2}.Debug|Any CPU.Build.0 = Debug|Any CPU
		{2A3991BD-7F6B-4AA3-8AA6-4E7D81D080B2}.Release|Any CPU.ActiveCfg = Release|Any CPU
		{2A3991BD-7F6B-4AA3-8AA6-4E7D81D080B2}.Release|Any CPU.Build.0 = Release|Any CPU
	EndGlobalSection
	GlobalSection(SolutionProperties) = preSolution
		HideSolutionNode = FALSE
	EndGlobalSection
	GlobalSection(ExtensibilityGlobals) = postSolution
		SolutionGuid = {CC0CC2F0-9429-45A6-B682-F0561C050802}
	EndGlobalSection
EndGlobal
